
Microsoft Visual Studio Solution File, Format Version 12.00
# Visual Studio Version 16
VisualStudioVersion = 16.0.29418.71
MinimumVisualStudioVersion = 10.0.40219.1
Project("{888888A0-9F3D-457C-B088-3A5042F75D52}") = "pragmatiX", "pragmatiX.pyproj", "{D486DB89-EF4D-464C-BCEE-F73029D8FDDE}"
EndProject
Global
	GlobalSection(SolutionConfigurationPlatforms) = preSolution
		Debug|Any CPU = Debug|Any CPU
		Release|Any CPU = Release|Any CPU
	EndGlobalSection
	GlobalSection(ProjectConfigurationPlatforms) = postSolution
		{D486DB89-EF4D-464C-BCEE-F73029D8FDDE}.Debug|Any CPU.ActiveCfg = Debug|Any CPU
		{D486DB89-EF4D-464C-BCEE-F73029D8FDDE}.Debug|Any CPU.Build.0 = Debug|Any CPU
		{D486DB89-EF4D-464C-BCEE-F73029D8FDDE}.Release|Any CPU.ActiveCfg = Release|Any CPU
		{D486DB89-EF4D-464C-BCEE-F73029D8FDDE}.Release|Any CPU.Build.0 = Release|Any CPU
	EndGlobalSection
	GlobalSection(SolutionProperties) = preSolution
		HideSolutionNode = FALSE
	EndGlobalSection
	GlobalSection(ExtensibilityGlobals) = postSolution
		SolutionGuid = {21722D5D-7AAC-4BF8-A322-263CFE4439AF}
	EndGlobalSection
EndGlobal
